
Microsoft Visual Studio Solution File, Format Version 12.00
# Visual Studio Version 16
VisualStudioVersion = 16.0.28803.452
MinimumVisualStudioVersion = 10.0.40219.1
Project("{FAE04EC0-301F-11D3-BF4B-00C04F79EFBC}") = "ProgramUI", "LeadingIndicators\ProgramUI.csproj", "{F53851B5-AADE-4F4C-B88E-22D6EC4DBF13}"
EndProject
Project("{FAE04EC0-301F-11D3-BF4B-00C04F79EFBC}") = "IndicatorLibrary", "IndicatorLibrary\IndicatorLibrary.csproj", "{A61AF3A1-7E7D-46A5-B223-8CAEFF8D14DD}"
EndProject
Global
	GlobalSection(SolutionConfigurationPlatforms) = preSolution
		Debug|Any CPU = Debug|Any CPU
		Release|Any CPU = Release|Any CPU
	EndGlobalSection
	GlobalSection(ProjectConfigurationPlatforms) = postSolution
		{F53851B5-AADE-4F4C-B88E-22D6EC4DBF13}.Debug|Any CPU.ActiveCfg = Debug|Any CPU
		{F53851B5-AADE-4F4C-B88E-22D6EC4DBF13}.Debug|Any CPU.Build.0 = Debug|Any CPU
		{F53851B5-AADE-4F4C-B88E-22D6EC4DBF13}.Release|Any CPU.ActiveCfg = Release|Any CPU
		{F53851B5-AADE-4F4C-B88E-22D6EC4DBF13}.Release|Any CPU.Build.0 = Release|Any CPU
		{A61AF3A1-7E7D-46A5-B223-8CAEFF8D14DD}.Debug|Any CPU.ActiveCfg = Debug|Any CPU
		{A61AF3A1-7E7D-46A5-B223-8CAEFF8D14DD}.Debug|Any CPU.Build.0 = Debug|Any CPU
		{A61AF3A1-7E7D-46A5-B223-8CAEFF8D14DD}.Release|Any CPU.ActiveCfg = Release|Any CPU
		{A61AF3A1-7E7D-46A5-B223-8CAEFF8D14DD}.Release|Any CPU.Build.0 = Release|Any CPU
	EndGlobalSection
	GlobalSection(SolutionProperties) = preSolution
		HideSolutionNode = FALSE
	EndGlobalSection
	GlobalSection(ExtensibilityGlobals) = postSolution
		SolutionGuid = {00F4D501-FBF1-4539-9C93-B92F71C7AD49}
	EndGlobalSection
EndGlobal
